
Microsoft Visual Studio Solution File, Format Version 12.00
# Visual Studio Version 16
VisualStudioVersion = 16.0.30523.141
MinimumVisualStudioVersion = 10.0.40219.1
Project("{FAE04EC0-301F-11D3-BF4B-00C04F79EFBC}") = "WWB_Komodo_Cafe_Console_App", "WWB_Komodo_Cafe_Console_App\WWB_Komodo_Cafe_Console_App.csproj", "{A83D02E3-58D9-4875-B903-28FAD61F8BD8}"
EndProject
Project("{FAE04EC0-301F-11D3-BF4B-00C04F79EFBC}") = "WWB_Komodo_Cafe_Class_Library", "WWB_Komodo_Cafe_Class_Library\WWB_Komodo_Cafe_Class_Library.csproj", "{DE6F7783-ED29-4693-94F2-A0B3890208D2}"
EndProject
Global
	GlobalSection(SolutionConfigurationPlatforms) = preSolution
		Debug|Any CPU = Debug|Any CPU
		Release|Any CPU = Release|Any CPU
	EndGlobalSection
	GlobalSection(ProjectConfigurationPlatforms) = postSolution
		{A83D02E3-58D9-4875-B903-28FAD61F8BD8}.Debug|Any CPU.ActiveCfg = Debug|Any CPU
		{A83D02E3-58D9-4875-B903-28FAD61F8BD8}.Debug|Any CPU.Build.0 = Debug|Any CPU
		{A83D02E3-58D9-4875-B903-28FAD61F8BD8}.Release|Any CPU.ActiveCfg = Release|Any CPU
		{A83D02E3-58D9-4875-B903-28FAD61F8BD8}.Release|Any CPU.Build.0 = Release|Any CPU
		{DE6F7783-ED29-4693-94F2-A0B3890208D2}.Debug|Any CPU.ActiveCfg = Debug|Any CPU
		{DE6F7783-ED29-4693-94F2-A0B3890208D2}.Debug|Any CPU.Build.0 = Debug|Any CPU
		{DE6F7783-ED29-4693-94F2-A0B3890208D2}.Release|Any CPU.ActiveCfg = Release|Any CPU
		{DE6F7783-ED29-4693-94F2-A0B3890208D2}.Release|Any CPU.Build.0 = Release|Any CPU
	EndGlobalSection
	GlobalSection(SolutionProperties) = preSolution
		HideSolutionNode = FALSE
	EndGlobalSection
	GlobalSection(ExtensibilityGlobals) = postSolution
		SolutionGuid = {A30DAC6B-0194-4CDC-8A68-B727547386B0}
	EndGlobalSection
EndGlobal
